
Microsoft Visual Studio Solution File, Format Version 11.00
# Visual Web Developer Express 2010
Project("{FAE04EC0-301F-11D3-BF4B-00C04F79EFBC}") = "ContactUsSample", "ContactUsSample\ContactUsSample.csproj", "{FA696DCD-6103-4C79-A3FF-35A5A3999477}"
EndProject
Global
	GlobalSection(SolutionConfigurationPlatforms) = preSolution
		Debug|Any CPU = Debug|Any CPU
		Release|Any CPU = Release|Any CPU
	EndGlobalSection
	GlobalSection(ProjectConfigurationPlatforms) = postSolution
		{FA696DCD-6103-4C79-A3FF-35A5A3999477}.Debug|Any CPU.ActiveCfg = Debug|Any CPU
		{FA696DCD-6103-4C79-A3FF-35A5A3999477}.Debug|Any CPU.Build.0 = Debug|Any CPU
		{FA696DCD-6103-4C79-A3FF-35A5A3999477}.Release|Any CPU.ActiveCfg = Release|Any CPU
		{FA696DCD-6103-4C79-A3FF-35A5A3999477}.Release|Any CPU.Build.0 = Release|Any CPU
	EndGlobalSection
	GlobalSection(SolutionProperties) = preSolution
		HideSolutionNode = FALSE
	EndGlobalSection
EndGlobal
